
Microsoft Visual Studio Solution File, Format Version 12.00
# Visual Studio Version 17
VisualStudioVersion = 17.5.002.0
MinimumVisualStudioVersion = 10.0.40219.1
Project("{9A19103F-16F7-4668-BE54-9A1E7A4F7556}") = "Freshx_API", "Freshx_API.csproj", "{7D4B7C8A-796A-40A9-B45E-9A61B94FB500}"
EndProject
Global
	GlobalSection(SolutionConfigurationPlatforms) = preSolution
		Debug|Any CPU = Debug|Any CPU
		Release|Any CPU = Release|Any CPU
	EndGlobalSection
	GlobalSection(ProjectConfigurationPlatforms) = postSolution
		{7D4B7C8A-796A-40A9-B45E-9A61B94FB500}.Debug|Any CPU.ActiveCfg = Debug|Any CPU
		{7D4B7C8A-796A-40A9-B45E-9A61B94FB500}.Debug|Any CPU.Build.0 = Debug|Any CPU
		{7D4B7C8A-796A-40A9-B45E-9A61B94FB500}.Release|Any CPU.ActiveCfg = Release|Any CPU
		{7D4B7C8A-796A-40A9-B45E-9A61B94FB500}.Release|Any CPU.Build.0 = Release|Any CPU
	EndGlobalSection
	GlobalSection(SolutionProperties) = preSolution
		HideSolutionNode = FALSE
	EndGlobalSection
	GlobalSection(ExtensibilityGlobals) = postSolution
		SolutionGuid = {034C8CB3-3898-47B5-B327-181607AC8741}
	EndGlobalSection
EndGlobal
